// !$*UTF8*$!
{
	archiveVersion = 1;
	classes = {
	};
	objectVersion = 56;
	objects = {

/* Begin PBXBuildFile section */
		4511904B2BB9474900F4E0A6 /* ForecastTableViewCell.swift in Sources */ = {isa = PBXBuildFile; fileRef = 451190492BB9474900F4E0A6 /* ForecastTableViewCell.swift */; };
		4511904C2BB9474900F4E0A6 /* ForecastTableViewCell.xib in Resources */ = {isa = PBXBuildFile; fileRef = 4511904A2BB9474900F4E0A6 /* ForecastTableViewCell.xib */; };
		451190512BB9510E00F4E0A6 /* ForecastCollectionViewCell.swift in Sources */ = {isa = PBXBuildFile; fileRef = 4511904F2BB9510E00F4E0A6 /* ForecastCollectionViewCell.swift */; };
		451190522BB9510E00F4E0A6 /* ForecastCollectionViewCell.xib in Resources */ = {isa = PBXBuildFile; fileRef = 451190502BB9510E00F4E0A6 /* ForecastCollectionViewCell.xib */; };
		4511905A2BB977DA00F4E0A6 /* CustomFlowLayout.swift in Sources */ = {isa = PBXBuildFile; fileRef = 451190592BB977DA00F4E0A6 /* CustomFlowLayout.swift */; };
		452C800F2BAFF8BF0068DB97 /* CustomShadow.swift in Sources */ = {isa = PBXBuildFile; fileRef = 452C800E2BAFF8BF0068DB97 /* CustomShadow.swift */; };
		452C80142BB00B360068DB97 /* CustomNavigationController.swift in Sources */ = {isa = PBXBuildFile; fileRef = 452C80132BB00B360068DB97 /* CustomNavigationController.swift */; };
		454D3B462BC2DC0E00654304 /* OfflineWeatherDataService.swift in Sources */ = {isa = PBXBuildFile; fileRef = 454D3B452BC2DC0E00654304 /* OfflineWeatherDataService.swift */; };
		45954AB62BCE5B2D005E35AB /* MapViewControllerTest.swift in Sources */ = {isa = PBXBuildFile; fileRef = 45954AB52BCE5B2D005E35AB /* MapViewControllerTest.swift */; };
		EC10F3E02BC549B600A8284D /* CoordinateStored.swift in Sources */ = {isa = PBXBuildFile; fileRef = EC10F3DF2BC549B600A8284D /* CoordinateStored.swift */; };
		EC20BB262BC51542004CAB8C /* StringtoDate.swift in Sources */ = {isa = PBXBuildFile; fileRef = EC20BB252BC51542004CAB8C /* StringtoDate.swift */; };
		EC29CCFC2BB509DC00A3EBD2 /* LocationSearchController.swift in Sources */ = {isa = PBXBuildFile; fileRef = EC29CCFB2BB509DC00A3EBD2 /* LocationSearchController.swift */; };
		EC29CCFF2BB50A7300A3EBD2 /* LocationCell.swift in Sources */ = {isa = PBXBuildFile; fileRef = EC29CCFE2BB50A7300A3EBD2 /* LocationCell.swift */; };
		EC3F39782BB25CF900D5BF0C /* LocationManager.swift in Sources */ = {isa = PBXBuildFile; fileRef = EC3F39772BB25CF900D5BF0C /* LocationManager.swift */; };
		EC3F397A2BB2735700D5BF0C /* Constants.swift in Sources */ = {isa = PBXBuildFile; fileRef = EC3F39792BB2735700D5BF0C /* Constants.swift */; };
		EC3F397D2BB284C000D5BF0C /* AlertPresenter.swift in Sources */ = {isa = PBXBuildFile; fileRef = EC3F397C2BB284C000D5BF0C /* AlertPresenter.swift */; };
		EC3F397F2BB2A3B600D5BF0C /* LoadImage.swift in Sources */ = {isa = PBXBuildFile; fileRef = EC3F397E2BB2A3B600D5BF0C /* LoadImage.swift */; };
		EC3F39812BB2AFDC00D5BF0C /* WeatherCurrentExtension.swift in Sources */ = {isa = PBXBuildFile; fileRef = EC3F39802BB2AFDC00D5BF0C /* WeatherCurrentExtension.swift */; };
		EC513C602BCE1C0900ED7F19 /* FavoriteTableViewCell.swift in Sources */ = {isa = PBXBuildFile; fileRef = EC513C5E2BCE1C0900ED7F19 /* FavoriteTableViewCell.swift */; };
		EC513C612BCE1C0900ED7F19 /* FavoriteTableViewCell.xib in Resources */ = {isa = PBXBuildFile; fileRef = EC513C5F2BCE1C0900ED7F19 /* FavoriteTableViewCell.xib */; };
		EC55144B2BBE53AE001A668D /* wifiSlashImage.swift in Sources */ = {isa = PBXBuildFile; fileRef = EC55144A2BBE53AE001A668D /* wifiSlashImage.swift */; };
		EC6098732BAACD5400E2C0B6 /* AppDelegate.swift in Sources */ = {isa = PBXBuildFile; fileRef = EC6098722BAACD5400E2C0B6 /* AppDelegate.swift */; };
		EC6098752BAACD5400E2C0B6 /* SceneDelegate.swift in Sources */ = {isa = PBXBuildFile; fileRef = EC6098742BAACD5400E2C0B6 /* SceneDelegate.swift */; };
		EC6098772BAACD5400E2C0B6 /* MapViewController.swift in Sources */ = {isa = PBXBuildFile; fileRef = EC6098762BAACD5400E2C0B6 /* MapViewController.swift */; };
		EC60987A2BAACD5400E2C0B6 /* Main.storyboard in Resources */ = {isa = PBXBuildFile; fileRef = EC6098782BAACD5400E2C0B6 /* Main.storyboard */; };
		EC60987C2BAACD5500E2C0B6 /* Assets.xcassets in Resources */ = {isa = PBXBuildFile; fileRef = EC60987B2BAACD5500E2C0B6 /* Assets.xcassets */; };
		EC60987F2BAACD5500E2C0B6 /* LaunchScreen.storyboard in Resources */ = {isa = PBXBuildFile; fileRef = EC60987D2BAACD5500E2C0B6 /* LaunchScreen.storyboard */; };
		EC6098942BAACD5500E2C0B6 /* Weather_AppUITests.swift in Sources */ = {isa = PBXBuildFile; fileRef = EC6098932BAACD5500E2C0B6 /* Weather_AppUITests.swift */; };
		EC6098962BAACD5500E2C0B6 /* Weather_AppUITestsLaunchTests.swift in Sources */ = {isa = PBXBuildFile; fileRef = EC6098952BAACD5500E2C0B6 /* Weather_AppUITestsLaunchTests.swift */; };
		EC6098A92BAAD80800E2C0B6 /* WeatherDetailViewController.swift in Sources */ = {isa = PBXBuildFile; fileRef = EC6098A82BAAD80800E2C0B6 /* WeatherDetailViewController.swift */; };
		EC6098AB2BAAD81C00E2C0B6 /* FavoriteViewController.swift in Sources */ = {isa = PBXBuildFile; fileRef = EC6098AA2BAAD81C00E2C0B6 /* FavoriteViewController.swift */; };
		EC8FB5492BC3E465002688DE /* OnlineWeatherDataService.swift in Sources */ = {isa = PBXBuildFile; fileRef = EC8FB5482BC3E465002688DE /* OnlineWeatherDataService.swift */; };
		EC8FB54C2BC3E4EC002688DE /* WeatherCoreDataRepository.swift in Sources */ = {isa = PBXBuildFile; fileRef = EC8FB54B2BC3E4EC002688DE /* WeatherCoreDataRepository.swift */; };
		EC9612802BB5651600DFC79E /* WeatherCurrentCoreDataManager.swift in Sources */ = {isa = PBXBuildFile; fileRef = EC96127F2BB5651600DFC79E /* WeatherCurrentCoreDataManager.swift */; };
		ECBDFFEB2BB6B5FD004090B9 /* MainWeatherTableViewCell.swift in Sources */ = {isa = PBXBuildFile; fileRef = ECBDFFE92BB6B5FD004090B9 /* MainWeatherTableViewCell.swift */; };
		ECBDFFEC2BB6B5FD004090B9 /* MainWeatherTableViewCell.xib in Resources */ = {isa = PBXBuildFile; fileRef = ECBDFFEA2BB6B5FD004090B9 /* MainWeatherTableViewCell.xib */; };
		ECBDFFEF2BB6B60D004090B9 /* DetailTableViewCell.swift in Sources */ = {isa = PBXBuildFile; fileRef = ECBDFFED2BB6B60D004090B9 /* DetailTableViewCell.swift */; };
		ECBDFFF02BB6B60D004090B9 /* DetailTableViewCell.xib in Resources */ = {isa = PBXBuildFile; fileRef = ECBDFFEE2BB6B60D004090B9 /* DetailTableViewCell.xib */; };
		ECD443812BBA8A5A00E3A568 /* Reusable in Frameworks */ = {isa = PBXBuildFile; productRef = ECD443802BBA8A5A00E3A568 /* Reusable */; };
		ECD4438A2BBAAB2D00E3A568 /* HeaderCollectionReusableView.swift in Sources */ = {isa = PBXBuildFile; fileRef = ECD443892BBAAB2D00E3A568 /* HeaderCollectionReusableView.swift */; };
		ECE142392BAD213E009B8B7A /* TemperatureForecast.swift in Sources */ = {isa = PBXBuildFile; fileRef = ECE142382BAD213E009B8B7A /* TemperatureForecast.swift */; };
		ECE1423C2BAD2374009B8B7A /* ApiKey.swift in Sources */ = {isa = PBXBuildFile; fileRef = ECE1423B2BAD2374009B8B7A /* ApiKey.swift */; };
		ECE1423E2BAD2466009B8B7A /* Urls.swift in Sources */ = {isa = PBXBuildFile; fileRef = ECE1423D2BAD2466009B8B7A /* Urls.swift */; };
		ECE142422BAD28A0009B8B7A /* WeatherCurrent.swift in Sources */ = {isa = PBXBuildFile; fileRef = ECE142412BAD28A0009B8B7A /* WeatherCurrent.swift */; };
		ECE142442BAD28AC009B8B7A /* Wind.swift in Sources */ = {isa = PBXBuildFile; fileRef = ECE142432BAD28AC009B8B7A /* Wind.swift */; };
		ECE142462BAD291E009B8B7A /* TemperatureCurrent.swift in Sources */ = {isa = PBXBuildFile; fileRef = ECE142452BAD291E009B8B7A /* TemperatureCurrent.swift */; };
		ECE1424A2BAD2983009B8B7A /* Clouds.swift in Sources */ = {isa = PBXBuildFile; fileRef = ECE142492BAD2983009B8B7A /* Clouds.swift */; };
		ECE1424C2BAD298E009B8B7A /* TimeOfSun.swift in Sources */ = {isa = PBXBuildFile; fileRef = ECE1424B2BAD298E009B8B7A /* TimeOfSun.swift */; };
		ECE1424E2BAD2A02009B8B7A /* Weather.swift in Sources */ = {isa = PBXBuildFile; fileRef = ECE1424D2BAD2A02009B8B7A /* Weather.swift */; };
		ECE142552BAD2EDC009B8B7A /* NetworkError.swift in Sources */ = {isa = PBXBuildFile; fileRef = ECE142542BAD2EDC009B8B7A /* NetworkError.swift */; };
		ECE142582BAD3122009B8B7A /* WeatherAPIRepository.swift in Sources */ = {isa = PBXBuildFile; fileRef = ECE142572BAD3122009B8B7A /* WeatherAPIRepository.swift */; };
		ECE2ED472BC7B92B007233CE /* LocalPushNotification.swift in Sources */ = {isa = PBXBuildFile; fileRef = ECE2ED462BC7B92B007233CE /* LocalPushNotification.swift */; };
		ECE9C9572BB1197600454D94 /* WeatherFavoriteCoreData.xcdatamodeld in Sources */ = {isa = PBXBuildFile; fileRef = ECE9C9552BB1197600454D94 /* WeatherFavoriteCoreData.xcdatamodeld */; };
		ECE9C9592BB11F0100454D94 /* CoreDataManager.swift in Sources */ = {isa = PBXBuildFile; fileRef = ECE9C9582BB11F0100454D94 /* CoreDataManager.swift */; };
		ECE9C95D2BB14D7900454D94 /* CoreDataError.swift in Sources */ = {isa = PBXBuildFile; fileRef = ECE9C95C2BB14D7900454D94 /* CoreDataError.swift */; };
		ECEABF3A2BBBACB000A92523 /* ConvertDate.swift in Sources */ = {isa = PBXBuildFile; fileRef = ECEABF392BBBACB000A92523 /* ConvertDate.swift */; };
		ECEABF3E2BBBDEE100A92523 /* NetworkMonitor.swift in Sources */ = {isa = PBXBuildFile; fileRef = ECEABF3D2BBBDEE100A92523 /* NetworkMonitor.swift */; };
		ECEE0EB52BABC8520079D947 /* Colors.xcassets in Resources */ = {isa = PBXBuildFile; fileRef = ECEE0EB42BABC8520079D947 /* Colors.xcassets */; };
		ECEE0ECA2BAC19700079D947 /* APService.swift in Sources */ = {isa = PBXBuildFile; fileRef = ECEE0EC92BAC19700079D947 /* APService.swift */; };
		ECEE0ECE2BAC28C20079D947 /* WeatherData.swift in Sources */ = {isa = PBXBuildFile; fileRef = ECEE0ECD2BAC28C20079D947 /* WeatherData.swift */; };
		ECEE0ED02BAC28D60079D947 /* City.swift in Sources */ = {isa = PBXBuildFile; fileRef = ECEE0ECF2BAC28D60079D947 /* City.swift */; };
		ECEE0ED22BAC28EE0079D947 /* Coordinate.swift in Sources */ = {isa = PBXBuildFile; fileRef = ECEE0ED12BAC28EE0079D947 /* Coordinate.swift */; };
		ECEE0ED62BAC292B0079D947 /* WeatherForecast.swift in Sources */ = {isa = PBXBuildFile; fileRef = ECEE0ED52BAC292B0079D947 /* WeatherForecast.swift */; };
		ECEE0EDE2BAC297E0079D947 /* WeatherStatus.swift in Sources */ = {isa = PBXBuildFile; fileRef = ECEE0EDD2BAC297E0079D947 /* WeatherStatus.swift */; };
		ECF5A9712BBCED3300F2951E /* WeatherForecastCoreDataManager.swift in Sources */ = {isa = PBXBuildFile; fileRef = ECF5A9702BBCED3300F2951E /* WeatherForecastCoreDataManager.swift */; };
		ECF5A9732BBCF06200F2951E /* WeatherForecastExtension.swift in Sources */ = {isa = PBXBuildFile; fileRef = ECF5A9722BBCF06200F2951E /* WeatherForecastExtension.swift */; };
		ECF7431F2BB69753001780A7 /* LocationSearchRepository.swift in Sources */ = {isa = PBXBuildFile; fileRef = ECF7431E2BB69753001780A7 /* LocationSearchRepository.swift */; };
/* End PBXBuildFile section */

/* Begin PBXContainerItemProxy section */
		EC6098862BAACD5500E2C0B6 /* PBXContainerItemProxy */ = {
			isa = PBXContainerItemProxy;
			containerPortal = EC6098672BAACD5400E2C0B6 /* Project object */;
			proxyType = 1;
			remoteGlobalIDString = EC60986E2BAACD5400E2C0B6;
			remoteInfo = Weather_App;
		};
		EC6098902BAACD5500E2C0B6 /* PBXContainerItemProxy */ = {
			isa = PBXContainerItemProxy;
			containerPortal = EC6098672BAACD5400E2C0B6 /* Project object */;
			proxyType = 1;
			remoteGlobalIDString = EC60986E2BAACD5400E2C0B6;
			remoteInfo = Weather_App;
		};
/* End PBXContainerItemProxy section */

/* Begin PBXFileReference section */
		451190492BB9474900F4E0A6 /* ForecastTableViewCell.swift */ = {isa = PBXFileReference; lastKnownFileType = sourcecode.swift; path = ForecastTableViewCell.swift; sourceTree = "<group>"; };
		4511904A2BB9474900F4E0A6 /* ForecastTableViewCell.xib */ = {isa = PBXFileReference; lastKnownFileType = file.xib; path = ForecastTableViewCell.xib; sourceTree = "<group>"; };
		4511904F2BB9510E00F4E0A6 /* ForecastCollectionViewCell.swift */ = {isa = PBXFileReference; lastKnownFileType = sourcecode.swift; path = ForecastCollectionViewCell.swift; sourceTree = "<group>"; };
		451190502BB9510E00F4E0A6 /* ForecastCollectionViewCell.xib */ = {isa = PBXFileReference; lastKnownFileType = file.xib; path = ForecastCollectionViewCell.xib; sourceTree = "<group>"; };
		451190592BB977DA00F4E0A6 /* CustomFlowLayout.swift */ = {isa = PBXFileReference; lastKnownFileType = sourcecode.swift; path = CustomFlowLayout.swift; sourceTree = "<group>"; };
		452C800E2BAFF8BF0068DB97 /* CustomShadow.swift */ = {isa = PBXFileReference; lastKnownFileType = sourcecode.swift; path = CustomShadow.swift; sourceTree = "<group>"; };
		452C80132BB00B360068DB97 /* CustomNavigationController.swift */ = {isa = PBXFileReference; lastKnownFileType = sourcecode.swift; path = CustomNavigationController.swift; sourceTree = "<group>"; };
		454D3B452BC2DC0E00654304 /* OfflineWeatherDataService.swift */ = {isa = PBXFileReference; lastKnownFileType = sourcecode.swift; path = OfflineWeatherDataService.swift; sourceTree = "<group>"; };
		45954AB52BCE5B2D005E35AB /* MapViewControllerTest.swift */ = {isa = PBXFileReference; lastKnownFileType = sourcecode.swift; path = MapViewControllerTest.swift; sourceTree = "<group>"; };
		EC10F3DF2BC549B600A8284D /* CoordinateStored.swift */ = {isa = PBXFileReference; lastKnownFileType = sourcecode.swift; path = CoordinateStored.swift; sourceTree = "<group>"; };
		EC20BB252BC51542004CAB8C /* StringtoDate.swift */ = {isa = PBXFileReference; lastKnownFileType = sourcecode.swift; path = StringtoDate.swift; sourceTree = "<group>"; };
		EC29CCFB2BB509DC00A3EBD2 /* LocationSearchController.swift */ = {isa = PBXFileReference; lastKnownFileType = sourcecode.swift; path = LocationSearchController.swift; sourceTree = "<group>"; };
		EC29CCFE2BB50A7300A3EBD2 /* LocationCell.swift */ = {isa = PBXFileReference; lastKnownFileType = sourcecode.swift; path = LocationCell.swift; sourceTree = "<group>"; };
		EC3F39772BB25CF900D5BF0C /* LocationManager.swift */ = {isa = PBXFileReference; lastKnownFileType = sourcecode.swift; path = LocationManager.swift; sourceTree = "<group>"; };
		EC3F39792BB2735700D5BF0C /* Constants.swift */ = {isa = PBXFileReference; lastKnownFileType = sourcecode.swift; path = Constants.swift; sourceTree = "<group>"; };
		EC3F397C2BB284C000D5BF0C /* AlertPresenter.swift */ = {isa = PBXFileReference; lastKnownFileType = sourcecode.swift; path = AlertPresenter.swift; sourceTree = "<group>"; };
		EC3F397E2BB2A3B600D5BF0C /* LoadImage.swift */ = {isa = PBXFileReference; lastKnownFileType = sourcecode.swift; path = LoadImage.swift; sourceTree = "<group>"; };
		EC3F39802BB2AFDC00D5BF0C /* WeatherCurrentExtension.swift */ = {isa = PBXFileReference; lastKnownFileType = sourcecode.swift; path = WeatherCurrentExtension.swift; sourceTree = "<group>"; };
		EC513C5E2BCE1C0900ED7F19 /* FavoriteTableViewCell.swift */ = {isa = PBXFileReference; fileEncoding = 4; lastKnownFileType = sourcecode.swift; path = FavoriteTableViewCell.swift; sourceTree = "<group>"; };
		EC513C5F2BCE1C0900ED7F19 /* FavoriteTableViewCell.xib */ = {isa = PBXFileReference; fileEncoding = 4; lastKnownFileType = file.xib; path = FavoriteTableViewCell.xib; sourceTree = "<group>"; };
		EC55144A2BBE53AE001A668D /* wifiSlashImage.swift */ = {isa = PBXFileReference; lastKnownFileType = sourcecode.swift; path = wifiSlashImage.swift; sourceTree = "<group>"; };
		EC60986F2BAACD5400E2C0B6 /* Weather_App.app */ = {isa = PBXFileReference; explicitFileType = wrapper.application; includeInIndex = 0; path = Weather_App.app; sourceTree = BUILT_PRODUCTS_DIR; };
		EC6098722BAACD5400E2C0B6 /* AppDelegate.swift */ = {isa = PBXFileReference; lastKnownFileType = sourcecode.swift; path = AppDelegate.swift; sourceTree = "<group>"; };
		EC6098742BAACD5400E2C0B6 /* SceneDelegate.swift */ = {isa = PBXFileReference; lastKnownFileType = sourcecode.swift; path = SceneDelegate.swift; sourceTree = "<group>"; };
		EC6098762BAACD5400E2C0B6 /* MapViewController.swift */ = {isa = PBXFileReference; lastKnownFileType = sourcecode.swift; path = MapViewController.swift; sourceTree = "<group>"; };
		EC6098792BAACD5400E2C0B6 /* Base */ = {isa = PBXFileReference; lastKnownFileType = file.storyboard; name = Base; path = Base.lproj/Main.storyboard; sourceTree = "<group>"; };
		EC60987B2BAACD5500E2C0B6 /* Assets.xcassets */ = {isa = PBXFileReference; lastKnownFileType = folder.assetcatalog; path = Assets.xcassets; sourceTree = "<group>"; };
		EC60987E2BAACD5500E2C0B6 /* Base */ = {isa = PBXFileReference; lastKnownFileType = file.storyboard; name = Base; path = Base.lproj/LaunchScreen.storyboard; sourceTree = "<group>"; };
		EC6098802BAACD5500E2C0B6 /* Info.plist */ = {isa = PBXFileReference; lastKnownFileType = text.plist.xml; path = Info.plist; sourceTree = "<group>"; };
		EC6098852BAACD5500E2C0B6 /* Weather_AppTests.xctest */ = {isa = PBXFileReference; explicitFileType = wrapper.cfbundle; includeInIndex = 0; path = Weather_AppTests.xctest; sourceTree = BUILT_PRODUCTS_DIR; };
		EC60988F2BAACD5500E2C0B6 /* Weather_AppUITests.xctest */ = {isa = PBXFileReference; explicitFileType = wrapper.cfbundle; includeInIndex = 0; path = Weather_AppUITests.xctest; sourceTree = BUILT_PRODUCTS_DIR; };
		EC6098932BAACD5500E2C0B6 /* Weather_AppUITests.swift */ = {isa = PBXFileReference; lastKnownFileType = sourcecode.swift; path = Weather_AppUITests.swift; sourceTree = "<group>"; };
		EC6098952BAACD5500E2C0B6 /* Weather_AppUITestsLaunchTests.swift */ = {isa = PBXFileReference; lastKnownFileType = sourcecode.swift; path = Weather_AppUITestsLaunchTests.swift; sourceTree = "<group>"; };
		EC6098A82BAAD80800E2C0B6 /* WeatherDetailViewController.swift */ = {isa = PBXFileReference; lastKnownFileType = sourcecode.swift; path = WeatherDetailViewController.swift; sourceTree = "<group>"; };
		EC6098AA2BAAD81C00E2C0B6 /* FavoriteViewController.swift */ = {isa = PBXFileReference; lastKnownFileType = sourcecode.swift; path = FavoriteViewController.swift; sourceTree = "<group>"; };
		EC8FB5482BC3E465002688DE /* OnlineWeatherDataService.swift */ = {isa = PBXFileReference; lastKnownFileType = sourcecode.swift; path = OnlineWeatherDataService.swift; sourceTree = "<group>"; };
		EC8FB54B2BC3E4EC002688DE /* WeatherCoreDataRepository.swift */ = {isa = PBXFileReference; lastKnownFileType = sourcecode.swift; path = WeatherCoreDataRepository.swift; sourceTree = "<group>"; };
		EC96127F2BB5651600DFC79E /* WeatherCurrentCoreDataManager.swift */ = {isa = PBXFileReference; lastKnownFileType = sourcecode.swift; path = WeatherCurrentCoreDataManager.swift; sourceTree = "<group>"; };
		ECBDFFE92BB6B5FD004090B9 /* MainWeatherTableViewCell.swift */ = {isa = PBXFileReference; lastKnownFileType = sourcecode.swift; path = MainWeatherTableViewCell.swift; sourceTree = "<group>"; };
		ECBDFFEA2BB6B5FD004090B9 /* MainWeatherTableViewCell.xib */ = {isa = PBXFileReference; lastKnownFileType = file.xib; path = MainWeatherTableViewCell.xib; sourceTree = "<group>"; };
		ECBDFFED2BB6B60D004090B9 /* DetailTableViewCell.swift */ = {isa = PBXFileReference; lastKnownFileType = sourcecode.swift; path = DetailTableViewCell.swift; sourceTree = "<group>"; };
		ECBDFFEE2BB6B60D004090B9 /* DetailTableViewCell.xib */ = {isa = PBXFileReference; lastKnownFileType = file.xib; path = DetailTableViewCell.xib; sourceTree = "<group>"; };
		ECD443892BBAAB2D00E3A568 /* HeaderCollectionReusableView.swift */ = {isa = PBXFileReference; lastKnownFileType = sourcecode.swift; path = HeaderCollectionReusableView.swift; sourceTree = "<group>"; };
		ECE142382BAD213E009B8B7A /* TemperatureForecast.swift */ = {isa = PBXFileReference; lastKnownFileType = sourcecode.swift; path = TemperatureForecast.swift; sourceTree = "<group>"; };
		ECE1423B2BAD2374009B8B7A /* ApiKey.swift */ = {isa = PBXFileReference; lastKnownFileType = sourcecode.swift; path = ApiKey.swift; sourceTree = "<group>"; };
		ECE1423D2BAD2466009B8B7A /* Urls.swift */ = {isa = PBXFileReference; lastKnownFileType = sourcecode.swift; path = Urls.swift; sourceTree = "<group>"; };
		ECE142412BAD28A0009B8B7A /* WeatherCurrent.swift */ = {isa = PBXFileReference; lastKnownFileType = sourcecode.swift; path = WeatherCurrent.swift; sourceTree = "<group>"; };
		ECE142432BAD28AC009B8B7A /* Wind.swift */ = {isa = PBXFileReference; lastKnownFileType = sourcecode.swift; path = Wind.swift; sourceTree = "<group>"; };
		ECE142452BAD291E009B8B7A /* TemperatureCurrent.swift */ = {isa = PBXFileReference; lastKnownFileType = sourcecode.swift; path = TemperatureCurrent.swift; sourceTree = "<group>"; };
		ECE142492BAD2983009B8B7A /* Clouds.swift */ = {isa = PBXFileReference; lastKnownFileType = sourcecode.swift; path = Clouds.swift; sourceTree = "<group>"; };
		ECE1424B2BAD298E009B8B7A /* TimeOfSun.swift */ = {isa = PBXFileReference; lastKnownFileType = sourcecode.swift; path = TimeOfSun.swift; sourceTree = "<group>"; };
		ECE1424D2BAD2A02009B8B7A /* Weather.swift */ = {isa = PBXFileReference; lastKnownFileType = sourcecode.swift; path = Weather.swift; sourceTree = "<group>"; };
		ECE142542BAD2EDC009B8B7A /* NetworkError.swift */ = {isa = PBXFileReference; lastKnownFileType = sourcecode.swift; path = NetworkError.swift; sourceTree = "<group>"; };
		ECE142572BAD3122009B8B7A /* WeatherAPIRepository.swift */ = {isa = PBXFileReference; lastKnownFileType = sourcecode.swift; path = WeatherAPIRepository.swift; sourceTree = "<group>"; };
		ECE2ED462BC7B92B007233CE /* LocalPushNotification.swift */ = {isa = PBXFileReference; lastKnownFileType = sourcecode.swift; path = LocalPushNotification.swift; sourceTree = "<group>"; };
		ECE9C9562BB1197600454D94 /* Model.xcdatamodel */ = {isa = PBXFileReference; lastKnownFileType = wrapper.xcdatamodel; path = Model.xcdatamodel; sourceTree = "<group>"; };
		ECE9C9582BB11F0100454D94 /* CoreDataManager.swift */ = {isa = PBXFileReference; lastKnownFileType = sourcecode.swift; path = CoreDataManager.swift; sourceTree = "<group>"; };
		ECE9C95C2BB14D7900454D94 /* CoreDataError.swift */ = {isa = PBXFileReference; lastKnownFileType = sourcecode.swift; path = CoreDataError.swift; sourceTree = "<group>"; };
		ECEABF392BBBACB000A92523 /* ConvertDate.swift */ = {isa = PBXFileReference; lastKnownFileType = sourcecode.swift; path = ConvertDate.swift; sourceTree = "<group>"; };
		ECEABF3D2BBBDEE100A92523 /* NetworkMonitor.swift */ = {isa = PBXFileReference; lastKnownFileType = sourcecode.swift; path = NetworkMonitor.swift; sourceTree = "<group>"; };
		ECEE0EB42BABC8520079D947 /* Colors.xcassets */ = {isa = PBXFileReference; lastKnownFileType = folder.assetcatalog; path = Colors.xcassets; sourceTree = "<group>"; };
		ECEE0EC92BAC19700079D947 /* APService.swift */ = {isa = PBXFileReference; lastKnownFileType = sourcecode.swift; path = APService.swift; sourceTree = "<group>"; };
		ECEE0ECD2BAC28C20079D947 /* WeatherData.swift */ = {isa = PBXFileReference; lastKnownFileType = sourcecode.swift; path = WeatherData.swift; sourceTree = "<group>"; };
		ECEE0ECF2BAC28D60079D947 /* City.swift */ = {isa = PBXFileReference; lastKnownFileType = sourcecode.swift; path = City.swift; sourceTree = "<group>"; };
		ECEE0ED12BAC28EE0079D947 /* Coordinate.swift */ = {isa = PBXFileReference; lastKnownFileType = sourcecode.swift; path = Coordinate.swift; sourceTree = "<group>"; };
		ECEE0ED52BAC292B0079D947 /* WeatherForecast.swift */ = {isa = PBXFileReference; lastKnownFileType = sourcecode.swift; path = WeatherForecast.swift; sourceTree = "<group>"; };
		ECEE0EDD2BAC297E0079D947 /* WeatherStatus.swift */ = {isa = PBXFileReference; lastKnownFileType = sourcecode.swift; path = WeatherStatus.swift; sourceTree = "<group>"; };
		ECF5A9702BBCED3300F2951E /* WeatherForecastCoreDataManager.swift */ = {isa = PBXFileReference; lastKnownFileType = sourcecode.swift; path = WeatherForecastCoreDataManager.swift; sourceTree = "<group>"; };
		ECF5A9722BBCF06200F2951E /* WeatherForecastExtension.swift */ = {isa = PBXFileReference; lastKnownFileType = sourcecode.swift; path = WeatherForecastExtension.swift; sourceTree = "<group>"; };
		ECF7431E2BB69753001780A7 /* LocationSearchRepository.swift */ = {isa = PBXFileReference; lastKnownFileType = sourcecode.swift; path = LocationSearchRepository.swift; sourceTree = "<group>"; };
/* End PBXFileReference section */

/* Begin PBXFrameworksBuildPhase section */
		EC60986C2BAACD5400E2C0B6 /* Frameworks */ = {
			isa = PBXFrameworksBuildPhase;
			buildActionMask = 2147483647;
			files = (
				ECD443812BBA8A5A00E3A568 /* Reusable in Frameworks */,
			);
			runOnlyForDeploymentPostprocessing = 0;
		};
		EC6098822BAACD5500E2C0B6 /* Frameworks */ = {
			isa = PBXFrameworksBuildPhase;
			buildActionMask = 2147483647;
			files = (
			);
			runOnlyForDeploymentPostprocessing = 0;
		};
		EC60988C2BAACD5500E2C0B6 /* Frameworks */ = {
			isa = PBXFrameworksBuildPhase;
			buildActionMask = 2147483647;
			files = (
			);
			runOnlyForDeploymentPostprocessing = 0;
		};
/* End PBXFrameworksBuildPhase section */

/* Begin PBXGroup section */
		4511904D2BB9489400F4E0A6 /* CollectionView */ = {
			isa = PBXGroup;
			children = (
				ECD443822BBA9E8800E3A568 /* Header */,
				4511904E2BB948B200F4E0A6 /* Cell */,
				451190492BB9474900F4E0A6 /* ForecastTableViewCell.swift */,
				4511904A2BB9474900F4E0A6 /* ForecastTableViewCell.xib */,
			);
			path = CollectionView;
			sourceTree = "<group>";
		};
		4511904E2BB948B200F4E0A6 /* Cell */ = {
			isa = PBXGroup;
			children = (
				4511904F2BB9510E00F4E0A6 /* ForecastCollectionViewCell.swift */,
				451190502BB9510E00F4E0A6 /* ForecastCollectionViewCell.xib */,
			);
			path = Cell;
			sourceTree = "<group>";
		};
		EC20BB1E2BC4D362004CAB8C /* Cell */ = {
			isa = PBXGroup;
			children = (
				EC513C5E2BCE1C0900ED7F19 /* FavoriteTableViewCell.swift */,
				EC513C5F2BCE1C0900ED7F19 /* FavoriteTableViewCell.xib */,
			);
			path = Cell;
			sourceTree = "<group>";
		};
		EC29CCFD2BB50A4E00A3EBD2 /* LocationSearch */ = {
			isa = PBXGroup;
			children = (
				EC29CCFB2BB509DC00A3EBD2 /* LocationSearchController.swift */,
				EC29CCFE2BB50A7300A3EBD2 /* LocationCell.swift */,
			);
			path = LocationSearch;
			sourceTree = "<group>";
		};
		EC6098662BAACD5400E2C0B6 = {
			isa = PBXGroup;
			children = (
				EC6098712BAACD5400E2C0B6 /* Weather_App */,
				EC6098882BAACD5500E2C0B6 /* Weather_AppTests */,
				EC6098922BAACD5500E2C0B6 /* Weather_AppUITests */,
				EC6098702BAACD5400E2C0B6 /* Products */,
			);
			sourceTree = "<group>";
		};
		EC6098702BAACD5400E2C0B6 /* Products */ = {
			isa = PBXGroup;
			children = (
				EC60986F2BAACD5400E2C0B6 /* Weather_App.app */,
				EC6098852BAACD5500E2C0B6 /* Weather_AppTests.xctest */,
				EC60988F2BAACD5500E2C0B6 /* Weather_AppUITests.xctest */,
			);
			name = Products;
			sourceTree = "<group>";
		};
		EC6098712BAACD5400E2C0B6 /* Weather_App */ = {
			isa = PBXGroup;
			children = (
				EC6098802BAACD5500E2C0B6 /* Info.plist */,
				EC6098A22BAACD9C00E2C0B6 /* App */,
				EC6098A32BAACDA100E2C0B6 /* Scenes */,
				ECF743202BB6AA03001780A7 /* Services */,
				ECEE0EB62BAC06E00079D947 /* Models */,
				EC6098A42BAACDDA00E2C0B6 /* Ultilities */,
			);
			path = Weather_App;
			sourceTree = "<group>";
		};
		EC6098882BAACD5500E2C0B6 /* Weather_AppTests */ = {
			isa = PBXGroup;
			children = (
				45954AB52BCE5B2D005E35AB /* MapViewControllerTest.swift */,
			);
			path = Weather_AppTests;
			sourceTree = "<group>";
		};
		EC6098922BAACD5500E2C0B6 /* Weather_AppUITests */ = {
			isa = PBXGroup;
			children = (
				EC6098932BAACD5500E2C0B6 /* Weather_AppUITests.swift */,
				EC6098952BAACD5500E2C0B6 /* Weather_AppUITestsLaunchTests.swift */,
			);
			path = Weather_AppUITests;
			sourceTree = "<group>";
		};
		EC6098A22BAACD9C00E2C0B6 /* App */ = {
			isa = PBXGroup;
			children = (
				EC6098722BAACD5400E2C0B6 /* AppDelegate.swift */,
				EC6098742BAACD5400E2C0B6 /* SceneDelegate.swift */,
			);
			path = App;
			sourceTree = "<group>";
		};
		EC6098A32BAACDA100E2C0B6 /* Scenes */ = {
			isa = PBXGroup;
			children = (
				EC6098A72BAACE8100E2C0B6 /* Favorite */,
				EC6098A62BAACE7100E2C0B6 /* Weather Detail */,
				EC6098A52BAACE6B00E2C0B6 /* Map */,
				EC60987D2BAACD5500E2C0B6 /* LaunchScreen.storyboard */,
				EC6098782BAACD5400E2C0B6 /* Main.storyboard */,
			);
			path = Scenes;
			sourceTree = "<group>";
		};
		EC6098A42BAACDDA00E2C0B6 /* Ultilities */ = {
			isa = PBXGroup;
			children = (
				EC60987B2BAACD5500E2C0B6 /* Assets.xcassets */,
				ECEE0EB42BABC8520079D947 /* Colors.xcassets */,
				EC3F397C2BB284C000D5BF0C /* AlertPresenter.swift */,
				452C800E2BAFF8BF0068DB97 /* CustomShadow.swift */,
				452C80132BB00B360068DB97 /* CustomNavigationController.swift */,
				EC3F39792BB2735700D5BF0C /* Constants.swift */,
				EC3F397E2BB2A3B600D5BF0C /* LoadImage.swift */,
				EC3F39802BB2AFDC00D5BF0C /* WeatherCurrentExtension.swift */,
				451190592BB977DA00F4E0A6 /* CustomFlowLayout.swift */,
				ECEABF392BBBACB000A92523 /* ConvertDate.swift */,
				ECF5A9722BBCF06200F2951E /* WeatherForecastExtension.swift */,
				EC55144A2BBE53AE001A668D /* wifiSlashImage.swift */,
				EC20BB252BC51542004CAB8C /* StringtoDate.swift */,
				EC10F3DF2BC549B600A8284D /* CoordinateStored.swift */,
				ECE2ED462BC7B92B007233CE /* LocalPushNotification.swift */,
			);
			path = Ultilities;
			sourceTree = "<group>";
		};
		EC6098A52BAACE6B00E2C0B6 /* Map */ = {
			isa = PBXGroup;
			children = (
				EC29CCFD2BB50A4E00A3EBD2 /* LocationSearch */,
				EC6098762BAACD5400E2C0B6 /* MapViewController.swift */,
				EC3F39772BB25CF900D5BF0C /* LocationManager.swift */,
			);
			path = Map;
			sourceTree = "<group>";
		};
		EC6098A62BAACE7100E2C0B6 /* Weather Detail */ = {
			isa = PBXGroup;
			children = (
				ECBDFFDF2BB6B50A004090B9 /* Cell */,
				EC6098A82BAAD80800E2C0B6 /* WeatherDetailViewController.swift */,
			);
			path = "Weather Detail";
			sourceTree = "<group>";
		};
		EC6098A72BAACE8100E2C0B6 /* Favorite */ = {
			isa = PBXGroup;
			children = (
				EC20BB1E2BC4D362004CAB8C /* Cell */,
				EC6098AA2BAAD81C00E2C0B6 /* FavoriteViewController.swift */,
			);
			path = Favorite;
			sourceTree = "<group>";
		};
		EC8FB5472BC3E43C002688DE /* WeatherCoredataRepository */ = {
			isa = PBXGroup;
			children = (
				454D3B452BC2DC0E00654304 /* OfflineWeatherDataService.swift */,
				EC8FB5482BC3E465002688DE /* OnlineWeatherDataService.swift */,
				EC8FB54B2BC3E4EC002688DE /* WeatherCoreDataRepository.swift */,
			);
			path = WeatherCoredataRepository;
			sourceTree = "<group>";
		};
		ECBDFFDC2BB6AB1D004090B9 /* Remote */ = {
			isa = PBXGroup;
			children = (
				ECE142532BAD2EC9009B8B7A /* NetworkError */,
				ECEE0EC82BAC195C0079D947 /* API Service */,
				ECE1423A2BAD235B009B8B7A /* Urls */,
				ECEABF3D2BBBDEE100A92523 /* NetworkMonitor.swift */,
			);
			path = Remote;
			sourceTree = "<group>";
		};
		ECBDFFDD2BB6AB27004090B9 /* Local */ = {
			isa = PBXGroup;
			children = (
				ECE9C9552BB1197600454D94 /* WeatherFavoriteCoreData.xcdatamodeld */,
				ECE9C9582BB11F0100454D94 /* CoreDataManager.swift */,
				ECE9C95C2BB14D7900454D94 /* CoreDataError.swift */,
				EC96127F2BB5651600DFC79E /* WeatherCurrentCoreDataManager.swift */,
				ECF5A9702BBCED3300F2951E /* WeatherForecastCoreDataManager.swift */,
			);
			path = Local;
			sourceTree = "<group>";
		};
		ECBDFFDE2BB6AB32004090B9 /* Repositoties */ = {
			isa = PBXGroup;
			children = (
				EC8FB5472BC3E43C002688DE /* WeatherCoredataRepository */,
				ECF7431E2BB69753001780A7 /* LocationSearchRepository.swift */,
				ECE142572BAD3122009B8B7A /* WeatherAPIRepository.swift */,
			);
			path = Repositoties;
			sourceTree = "<group>";
		};
		ECBDFFDF2BB6B50A004090B9 /* Cell */ = {
			isa = PBXGroup;
			children = (
				ECBDFFE02BB6B550004090B9 /* MainWeather */,
				ECBDFFE12BB6B57D004090B9 /* DetailWeather */,
				ECBDFFE22BB6B58B004090B9 /* ForecastWeather */,
			);
			path = Cell;
			sourceTree = "<group>";
		};
		ECBDFFE02BB6B550004090B9 /* MainWeather */ = {
			isa = PBXGroup;
			children = (
				ECBDFFE92BB6B5FD004090B9 /* MainWeatherTableViewCell.swift */,
				ECBDFFEA2BB6B5FD004090B9 /* MainWeatherTableViewCell.xib */,
			);
			path = MainWeather;
			sourceTree = "<group>";
		};
		ECBDFFE12BB6B57D004090B9 /* DetailWeather */ = {
			isa = PBXGroup;
			children = (
				ECBDFFED2BB6B60D004090B9 /* DetailTableViewCell.swift */,
				ECBDFFEE2BB6B60D004090B9 /* DetailTableViewCell.xib */,
			);
			path = DetailWeather;
			sourceTree = "<group>";
		};
		ECBDFFE22BB6B58B004090B9 /* ForecastWeather */ = {
			isa = PBXGroup;
			children = (
				4511904D2BB9489400F4E0A6 /* CollectionView */,
			);
			path = ForecastWeather;
			sourceTree = "<group>";
		};
		ECD443822BBA9E8800E3A568 /* Header */ = {
			isa = PBXGroup;
			children = (
				ECD443892BBAAB2D00E3A568 /* HeaderCollectionReusableView.swift */,
			);
			path = Header;
			sourceTree = "<group>";
		};
		ECE1423A2BAD235B009B8B7A /* Urls */ = {
			isa = PBXGroup;
			children = (
				ECE1423B2BAD2374009B8B7A /* ApiKey.swift */,
				ECE1423D2BAD2466009B8B7A /* Urls.swift */,
			);
			path = Urls;
			sourceTree = "<group>";
		};
		ECE142402BAD2873009B8B7A /* WeatherCurrent */ = {
			isa = PBXGroup;
			children = (
				ECE142412BAD28A0009B8B7A /* WeatherCurrent.swift */,
				ECE142432BAD28AC009B8B7A /* Wind.swift */,
				ECE142452BAD291E009B8B7A /* TemperatureCurrent.swift */,
				ECE142492BAD2983009B8B7A /* Clouds.swift */,
				ECE1424B2BAD298E009B8B7A /* TimeOfSun.swift */,
				ECE1424D2BAD2A02009B8B7A /* Weather.swift */,
			);
			path = WeatherCurrent;
			sourceTree = "<group>";
		};
		ECE142532BAD2EC9009B8B7A /* NetworkError */ = {
			isa = PBXGroup;
			children = (
				ECE142542BAD2EDC009B8B7A /* NetworkError.swift */,
			);
			path = NetworkError;
			sourceTree = "<group>";
		};
		ECEE0EB62BAC06E00079D947 /* Models */ = {
			isa = PBXGroup;
			children = (
				ECEE0ED12BAC28EE0079D947 /* Coordinate.swift */,
				ECE142402BAD2873009B8B7A /* WeatherCurrent */,
				ECEE0ECC2BAC28420079D947 /* WeatherForecast */,
			);
			path = Models;
			sourceTree = "<group>";
		};
		ECEE0EC82BAC195C0079D947 /* API Service */ = {
			isa = PBXGroup;
			children = (
				ECEE0EC92BAC19700079D947 /* APService.swift */,
			);
			path = "API Service";
			sourceTree = "<group>";
		};
		ECEE0ECC2BAC28420079D947 /* WeatherForecast */ = {
			isa = PBXGroup;
			children = (
				ECEE0ECD2BAC28C20079D947 /* WeatherData.swift */,
				ECEE0ECF2BAC28D60079D947 /* City.swift */,
				ECEE0ED52BAC292B0079D947 /* WeatherForecast.swift */,
				ECEE0EDD2BAC297E0079D947 /* WeatherStatus.swift */,
				ECE142382BAD213E009B8B7A /* TemperatureForecast.swift */,
			);
			path = WeatherForecast;
			sourceTree = "<group>";
		};
		ECF743202BB6AA03001780A7 /* Services */ = {
			isa = PBXGroup;
			children = (
				ECBDFFDE2BB6AB32004090B9 /* Repositoties */,
				ECBDFFDD2BB6AB27004090B9 /* Local */,
				ECBDFFDC2BB6AB1D004090B9 /* Remote */,
			);
			path = Services;
			sourceTree = "<group>";
		};
/* End PBXGroup section */

/* Begin PBXNativeTarget section */
		EC60986E2BAACD5400E2C0B6 /* Weather_App */ = {
			isa = PBXNativeTarget;
			buildConfigurationList = EC6098992BAACD5500E2C0B6 /* Build configuration list for PBXNativeTarget "Weather_App" */;
			buildPhases = (
				EC60986B2BAACD5400E2C0B6 /* Sources */,
				EC60986C2BAACD5400E2C0B6 /* Frameworks */,
				EC60986D2BAACD5400E2C0B6 /* Resources */,
			);
			buildRules = (
			);
			dependencies = (
			);
			name = Weather_App;
			packageProductDependencies = (
				ECD443802BBA8A5A00E3A568 /* Reusable */,
			);
			productName = Weather_App;
			productReference = EC60986F2BAACD5400E2C0B6 /* Weather_App.app */;
			productType = "com.apple.product-type.application";
		};
		EC6098842BAACD5500E2C0B6 /* Weather_AppTests */ = {
			isa = PBXNativeTarget;
			buildConfigurationList = EC60989C2BAACD5500E2C0B6 /* Build configuration list for PBXNativeTarget "Weather_AppTests" */;
			buildPhases = (
				EC6098812BAACD5500E2C0B6 /* Sources */,
				EC6098822BAACD5500E2C0B6 /* Frameworks */,
				EC6098832BAACD5500E2C0B6 /* Resources */,
			);
			buildRules = (
			);
			dependencies = (
				EC6098872BAACD5500E2C0B6 /* PBXTargetDependency */,
			);
			name = Weather_AppTests;
			productName = Weather_AppTests;
			productReference = EC6098852BAACD5500E2C0B6 /* Weather_AppTests.xctest */;
			productType = "com.apple.product-type.bundle.unit-test";
		};
		EC60988E2BAACD5500E2C0B6 /* Weather_AppUITests */ = {
			isa = PBXNativeTarget;
			buildConfigurationList = EC60989F2BAACD5500E2C0B6 /* Build configuration list for PBXNativeTarget "Weather_AppUITests" */;
			buildPhases = (
				EC60988B2BAACD5500E2C0B6 /* Sources */,
				EC60988C2BAACD5500E2C0B6 /* Frameworks */,
				EC60988D2BAACD5500E2C0B6 /* Resources */,
			);
			buildRules = (
			);
			dependencies = (
				EC6098912BAACD5500E2C0B6 /* PBXTargetDependency */,
			);
			name = Weather_AppUITests;
			productName = Weather_AppUITests;
			productReference = EC60988F2BAACD5500E2C0B6 /* Weather_AppUITests.xctest */;
			productType = "com.apple.product-type.bundle.ui-testing";
		};
/* End PBXNativeTarget section */

/* Begin PBXProject section */
		EC6098672BAACD5400E2C0B6 /* Project object */ = {
			isa = PBXProject;
			attributes = {
				BuildIndependentTargetsInParallel = 1;
				LastSwiftUpdateCheck = 1520;
				LastUpgradeCheck = 1520;
				TargetAttributes = {
					EC60986E2BAACD5400E2C0B6 = {
						CreatedOnToolsVersion = 15.2;
					};
					EC6098842BAACD5500E2C0B6 = {
						CreatedOnToolsVersion = 15.2;
						TestTargetID = EC60986E2BAACD5400E2C0B6;
					};
					EC60988E2BAACD5500E2C0B6 = {
						CreatedOnToolsVersion = 15.2;
						TestTargetID = EC60986E2BAACD5400E2C0B6;
					};
				};
			};
			buildConfigurationList = EC60986A2BAACD5400E2C0B6 /* Build configuration list for PBXProject "Weather_App" */;
			compatibilityVersion = "Xcode 14.0";
			developmentRegion = en;
			hasScannedForEncodings = 0;
			knownRegions = (
				en,
				Base,
			);
			mainGroup = EC6098662BAACD5400E2C0B6;
			packageReferences = (
				ECD4437F2BBA8A5A00E3A568 /* XCRemoteSwiftPackageReference "Reusable" */,
			);
			productRefGroup = EC6098702BAACD5400E2C0B6 /* Products */;
			projectDirPath = "";
			projectRoot = "";
			targets = (
				EC60986E2BAACD5400E2C0B6 /* Weather_App */,
				EC6098842BAACD5500E2C0B6 /* Weather_AppTests */,
				EC60988E2BAACD5500E2C0B6 /* Weather_AppUITests */,
			);
		};
/* End PBXProject section */

/* Begin PBXResourcesBuildPhase section */
		EC60986D2BAACD5400E2C0B6 /* Resources */ = {
			isa = PBXResourcesBuildPhase;
			buildActionMask = 2147483647;
			files = (
				ECBDFFEC2BB6B5FD004090B9 /* MainWeatherTableViewCell.xib in Resources */,
				EC60987F2BAACD5500E2C0B6 /* LaunchScreen.storyboard in Resources */,
				ECEE0EB52BABC8520079D947 /* Colors.xcassets in Resources */,
				451190522BB9510E00F4E0A6 /* ForecastCollectionViewCell.xib in Resources */,
				4511904C2BB9474900F4E0A6 /* ForecastTableViewCell.xib in Resources */,
				EC513C612BCE1C0900ED7F19 /* FavoriteTableViewCell.xib in Resources */,
				EC60987C2BAACD5500E2C0B6 /* Assets.xcassets in Resources */,
				ECBDFFF02BB6B60D004090B9 /* DetailTableViewCell.xib in Resources */,
				EC60987A2BAACD5400E2C0B6 /* Main.storyboard in Resources */,
			);
			runOnlyForDeploymentPostprocessing = 0;
		};
		EC6098832BAACD5500E2C0B6 /* Resources */ = {
			isa = PBXResourcesBuildPhase;
			buildActionMask = 2147483647;
			files = (
			);
			runOnlyForDeploymentPostprocessing = 0;
		};
		EC60988D2BAACD5500E2C0B6 /* Resources */ = {
			isa = PBXResourcesBuildPhase;
			buildActionMask = 2147483647;
			files = (
			);
			runOnlyForDeploymentPostprocessing = 0;
		};
/* End PBXResourcesBuildPhase section */

/* Begin PBXSourcesBuildPhase section */
		EC60986B2BAACD5400E2C0B6 /* Sources */ = {
			isa = PBXSourcesBuildPhase;
			buildActionMask = 2147483647;
			files = (
				EC6098772BAACD5400E2C0B6 /* MapViewController.swift in Sources */,
				ECEE0ED62BAC292B0079D947 /* WeatherForecast.swift in Sources */,
				454D3B462BC2DC0E00654304 /* OfflineWeatherDataService.swift in Sources */,
				ECEE0EDE2BAC297E0079D947 /* WeatherStatus.swift in Sources */,
				EC6098732BAACD5400E2C0B6 /* AppDelegate.swift in Sources */,
				EC29CCFF2BB50A7300A3EBD2 /* LocationCell.swift in Sources */,
				ECE142422BAD28A0009B8B7A /* WeatherCurrent.swift in Sources */,
				EC8FB5492BC3E465002688DE /* OnlineWeatherDataService.swift in Sources */,
				EC29CCFC2BB509DC00A3EBD2 /* LocationSearchController.swift in Sources */,
				EC3F39812BB2AFDC00D5BF0C /* WeatherCurrentExtension.swift in Sources */,
				EC3F397A2BB2735700D5BF0C /* Constants.swift in Sources */,
				ECE1423C2BAD2374009B8B7A /* ApiKey.swift in Sources */,
				EC3F39782BB25CF900D5BF0C /* LocationManager.swift in Sources */,
				EC513C602BCE1C0900ED7F19 /* FavoriteTableViewCell.swift in Sources */,
				ECEABF3A2BBBACB000A92523 /* ConvertDate.swift in Sources */,
				EC6098A92BAAD80800E2C0B6 /* WeatherDetailViewController.swift in Sources */,
				ECF5A9712BBCED3300F2951E /* WeatherForecastCoreDataManager.swift in Sources */,
				ECE2ED472BC7B92B007233CE /* LocalPushNotification.swift in Sources */,
				ECE142552BAD2EDC009B8B7A /* NetworkError.swift in Sources */,
				ECE142442BAD28AC009B8B7A /* Wind.swift in Sources */,
				EC6098752BAACD5400E2C0B6 /* SceneDelegate.swift in Sources */,
				4511904B2BB9474900F4E0A6 /* ForecastTableViewCell.swift in Sources */,
				452C800F2BAFF8BF0068DB97 /* CustomShadow.swift in Sources */,
				ECE1423E2BAD2466009B8B7A /* Urls.swift in Sources */,
				451190512BB9510E00F4E0A6 /* ForecastCollectionViewCell.swift in Sources */,
				452C80142BB00B360068DB97 /* CustomNavigationController.swift in Sources */,
				ECBDFFEF2BB6B60D004090B9 /* DetailTableViewCell.swift in Sources */,
				ECE1424A2BAD2983009B8B7A /* Clouds.swift in Sources */,
				EC3F397D2BB284C000D5BF0C /* AlertPresenter.swift in Sources */,
				ECE9C95D2BB14D7900454D94 /* CoreDataError.swift in Sources */,
				ECEE0ECA2BAC19700079D947 /* APService.swift in Sources */,
				ECE1424E2BAD2A02009B8B7A /* Weather.swift in Sources */,
				EC55144B2BBE53AE001A668D /* wifiSlashImage.swift in Sources */,
				ECEE0ED02BAC28D60079D947 /* City.swift in Sources */,
				ECE142462BAD291E009B8B7A /* TemperatureCurrent.swift in Sources */,
				ECD4438A2BBAAB2D00E3A568 /* HeaderCollectionReusableView.swift in Sources */,
				ECE1424C2BAD298E009B8B7A /* TimeOfSun.swift in Sources */,
				EC6098AB2BAAD81C00E2C0B6 /* FavoriteViewController.swift in Sources */,
				ECE9C9592BB11F0100454D94 /* CoreDataManager.swift in Sources */,
				EC20BB262BC51542004CAB8C /* StringtoDate.swift in Sources */,
				ECEABF3E2BBBDEE100A92523 /* NetworkMonitor.swift in Sources */,
				ECF5A9732BBCF06200F2951E /* WeatherForecastExtension.swift in Sources */,
				EC10F3E02BC549B600A8284D /* CoordinateStored.swift in Sources */,
				ECE142392BAD213E009B8B7A /* TemperatureForecast.swift in Sources */,
				ECEE0ED22BAC28EE0079D947 /* Coordinate.swift in Sources */,
				4511905A2BB977DA00F4E0A6 /* CustomFlowLayout.swift in Sources */,
				ECE9C9572BB1197600454D94 /* WeatherFavoriteCoreData.xcdatamodeld in Sources */,
				EC8FB54C2BC3E4EC002688DE /* WeatherCoreDataRepository.swift in Sources */,
				EC3F397F2BB2A3B600D5BF0C /* LoadImage.swift in Sources */,
				ECBDFFEB2BB6B5FD004090B9 /* MainWeatherTableViewCell.swift in Sources */,
				ECF7431F2BB69753001780A7 /* LocationSearchRepository.swift in Sources */,
				ECE142582BAD3122009B8B7A /* WeatherAPIRepository.swift in Sources */,
				ECEE0ECE2BAC28C20079D947 /* WeatherData.swift in Sources */,
				EC9612802BB5651600DFC79E /* WeatherCurrentCoreDataManager.swift in Sources */,
			);
			runOnlyForDeploymentPostprocessing = 0;
		};
		EC6098812BAACD5500E2C0B6 /* Sources */ = {
			isa = PBXSourcesBuildPhase;
			buildActionMask = 2147483647;
			files = (
				45954AB62BCE5B2D005E35AB /* MapViewControllerTest.swift in Sources */,
			);
			runOnlyForDeploymentPostprocessing = 0;
		};
		EC60988B2BAACD5500E2C0B6 /* Sources */ = {
			isa = PBXSourcesBuildPhase;
			buildActionMask = 2147483647;
			files = (
				EC6098942BAACD5500E2C0B6 /* Weather_AppUITests.swift in Sources */,
				EC6098962BAACD5500E2C0B6 /* Weather_AppUITestsLaunchTests.swift in Sources */,
			);
			runOnlyForDeploymentPostprocessing = 0;
		};
/* End PBXSourcesBuildPhase section */

/* Begin PBXTargetDependency section */
		EC6098872BAACD5500E2C0B6 /* PBXTargetDependency */ = {
			isa = PBXTargetDependency;
			target = EC60986E2BAACD5400E2C0B6 /* Weather_App */;
			targetProxy = EC6098862BAACD5500E2C0B6 /* PBXContainerItemProxy */;
		};
		EC6098912BAACD5500E2C0B6 /* PBXTargetDependency */ = {
			isa = PBXTargetDependency;
			target = EC60986E2BAACD5400E2C0B6 /* Weather_App */;
			targetProxy = EC6098902BAACD5500E2C0B6 /* PBXContainerItemProxy */;
		};
/* End PBXTargetDependency section */

/* Begin PBXVariantGroup section */
		EC6098782BAACD5400E2C0B6 /* Main.storyboard */ = {
			isa = PBXVariantGroup;
			children = (
				EC6098792BAACD5400E2C0B6 /* Base */,
			);
			name = Main.storyboard;
			sourceTree = "<group>";
		};
		EC60987D2BAACD5500E2C0B6 /* LaunchScreen.storyboard */ = {
			isa = PBXVariantGroup;
			children = (
				EC60987E2BAACD5500E2C0B6 /* Base */,
			);
			name = LaunchScreen.storyboard;
			sourceTree = "<group>";
		};
/* End PBXVariantGroup section */

/* Begin XCBuildConfiguration section */
		EC6098972BAACD5500E2C0B6 /* Debug */ = {
			isa = XCBuildConfiguration;
			buildSettings = {
				ALWAYS_SEARCH_USER_PATHS = NO;
				ASSETCATALOG_COMPILER_GENERATE_SWIFT_ASSET_SYMBOL_EXTENSIONS = YES;
				CLANG_ANALYZER_NONNULL = YES;
				CLANG_ANALYZER_NUMBER_OBJECT_CONVERSION = YES_AGGRESSIVE;
				CLANG_CXX_LANGUAGE_STANDARD = "gnu++20";
				CLANG_ENABLE_MODULES = YES;
				CLANG_ENABLE_OBJC_ARC = YES;
				CLANG_ENABLE_OBJC_WEAK = YES;
				CLANG_WARN_BLOCK_CAPTURE_AUTORELEASING = YES;
				CLANG_WARN_BOOL_CONVERSION = YES;
				CLANG_WARN_COMMA = YES;
				CLANG_WARN_CONSTANT_CONVERSION = YES;
				CLANG_WARN_DEPRECATED_OBJC_IMPLEMENTATIONS = YES;
				CLANG_WARN_DIRECT_OBJC_ISA_USAGE = YES_ERROR;
				CLANG_WARN_DOCUMENTATION_COMMENTS = YES;
				CLANG_WARN_EMPTY_BODY = YES;
				CLANG_WARN_ENUM_CONVERSION = YES;
				CLANG_WARN_INFINITE_RECURSION = YES;
				CLANG_WARN_INT_CONVERSION = YES;
				CLANG_WARN_NON_LITERAL_NULL_CONVERSION = YES;
				CLANG_WARN_OBJC_IMPLICIT_RETAIN_SELF = YES;
				CLANG_WARN_OBJC_LITERAL_CONVERSION = YES;
				CLANG_WARN_OBJC_ROOT_CLASS = YES_ERROR;
				CLANG_WARN_QUOTED_INCLUDE_IN_FRAMEWORK_HEADER = YES;
				CLANG_WARN_RANGE_LOOP_ANALYSIS = YES;
				CLANG_WARN_STRICT_PROTOTYPES = YES;
				CLANG_WARN_SUSPICIOUS_MOVE = YES;
				CLANG_WARN_UNGUARDED_AVAILABILITY = YES_AGGRESSIVE;
				CLANG_WARN_UNREACHABLE_CODE = YES;
				CLANG_WARN__DUPLICATE_METHOD_MATCH = YES;
				COPY_PHASE_STRIP = NO;
				DEBUG_INFORMATION_FORMAT = dwarf;
				ENABLE_STRICT_OBJC_MSGSEND = YES;
				ENABLE_TESTABILITY = YES;
				ENABLE_USER_SCRIPT_SANDBOXING = YES;
				GCC_C_LANGUAGE_STANDARD = gnu17;
				GCC_DYNAMIC_NO_PIC = NO;
				GCC_NO_COMMON_BLOCKS = YES;
				GCC_OPTIMIZATION_LEVEL = 0;
				GCC_PREPROCESSOR_DEFINITIONS = (
					"DEBUG=1",
					"$(inherited)",
				);
				GCC_WARN_64_TO_32_BIT_CONVERSION = YES;
				GCC_WARN_ABOUT_RETURN_TYPE = YES_ERROR;
				GCC_WARN_UNDECLARED_SELECTOR = YES;
				GCC_WARN_UNINITIALIZED_AUTOS = YES_AGGRESSIVE;
				GCC_WARN_UNUSED_FUNCTION = YES;
				GCC_WARN_UNUSED_VARIABLE = YES;
				IPHONEOS_DEPLOYMENT_TARGET = 17.2;
				LOCALIZATION_PREFERS_STRING_CATALOGS = YES;
				MTL_ENABLE_DEBUG_INFO = INCLUDE_SOURCE;
				MTL_FAST_MATH = YES;
				ONLY_ACTIVE_ARCH = YES;
				SDKROOT = iphoneos;
				SWIFT_ACTIVE_COMPILATION_CONDITIONS = "DEBUG $(inherited)";
				SWIFT_OPTIMIZATION_LEVEL = "-Onone";
			};
			name = Debug;
		};
		EC6098982BAACD5500E2C0B6 /* Release */ = {
			isa = XCBuildConfiguration;
			buildSettings = {
				ALWAYS_SEARCH_USER_PATHS = NO;
				ASSETCATALOG_COMPILER_GENERATE_SWIFT_ASSET_SYMBOL_EXTENSIONS = YES;
				CLANG_ANALYZER_NONNULL = YES;
				CLANG_ANALYZER_NUMBER_OBJECT_CONVERSION = YES_AGGRESSIVE;
				CLANG_CXX_LANGUAGE_STANDARD = "gnu++20";
				CLANG_ENABLE_MODULES = YES;
				CLANG_ENABLE_OBJC_ARC = YES;
				CLANG_ENABLE_OBJC_WEAK = YES;
				CLANG_WARN_BLOCK_CAPTURE_AUTORELEASING = YES;
				CLANG_WARN_BOOL_CONVERSION = YES;
				CLANG_WARN_COMMA = YES;
				CLANG_WARN_CONSTANT_CONVERSION = YES;
				CLANG_WARN_DEPRECATED_OBJC_IMPLEMENTATIONS = YES;
				CLANG_WARN_DIRECT_OBJC_ISA_USAGE = YES_ERROR;
				CLANG_WARN_DOCUMENTATION_COMMENTS = YES;
				CLANG_WARN_EMPTY_BODY = YES;
				CLANG_WARN_ENUM_CONVERSION = YES;
				CLANG_WARN_INFINITE_RECURSION = YES;
				CLANG_WARN_INT_CONVERSION = YES;
				CLANG_WARN_NON_LITERAL_NULL_CONVERSION = YES;
				CLANG_WARN_OBJC_IMPLICIT_RETAIN_SELF = YES;
				CLANG_WARN_OBJC_LITERAL_CONVERSION = YES;
				CLANG_WARN_OBJC_ROOT_CLASS = YES_ERROR;
				CLANG_WARN_QUOTED_INCLUDE_IN_FRAMEWORK_HEADER = YES;
				CLANG_WARN_RANGE_LOOP_ANALYSIS = YES;
				CLANG_WARN_STRICT_PROTOTYPES = YES;
				CLANG_WARN_SUSPICIOUS_MOVE = YES;
				CLANG_WARN_UNGUARDED_AVAILABILITY = YES_AGGRESSIVE;
				CLANG_WARN_UNREACHABLE_CODE = YES;
				CLANG_WARN__DUPLICATE_METHOD_MATCH = YES;
				COPY_PHASE_STRIP = NO;
				DEBUG_INFORMATION_FORMAT = "dwarf-with-dsym";
				ENABLE_NS_ASSERTIONS = NO;
				ENABLE_STRICT_OBJC_MSGSEND = YES;
				ENABLE_USER_SCRIPT_SANDBOXING = YES;
				GCC_C_LANGUAGE_STANDARD = gnu17;
				GCC_NO_COMMON_BLOCKS = YES;
				GCC_WARN_64_TO_32_BIT_CONVERSION = YES;
				GCC_WARN_ABOUT_RETURN_TYPE = YES_ERROR;
				GCC_WARN_UNDECLARED_SELECTOR = YES;
				GCC_WARN_UNINITIALIZED_AUTOS = YES_AGGRESSIVE;
				GCC_WARN_UNUSED_FUNCTION = YES;
				GCC_WARN_UNUSED_VARIABLE = YES;
				IPHONEOS_DEPLOYMENT_TARGET = 17.2;
				LOCALIZATION_PREFERS_STRING_CATALOGS = YES;
				MTL_ENABLE_DEBUG_INFO = NO;
				MTL_FAST_MATH = YES;
				SDKROOT = iphoneos;
				SWIFT_COMPILATION_MODE = wholemodule;
				VALIDATE_PRODUCT = YES;
			};
			name = Release;
		};
		EC60989A2BAACD5500E2C0B6 /* Debug */ = {
			isa = XCBuildConfiguration;
			buildSettings = {
				ASSETCATALOG_COMPILER_APPICON_NAME = AppIcon;
				ASSETCATALOG_COMPILER_GLOBAL_ACCENT_COLOR_NAME = AccentColor;
				CODE_SIGN_STYLE = Automatic;
				CURRENT_PROJECT_VERSION = 1;
				DEVELOPMENT_TEAM = KNQWN32P6C;
				GENERATE_INFOPLIST_FILE = YES;
				INFOPLIST_FILE = Weather_App/Info.plist;
				INFOPLIST_KEY_NSLocationAlwaysAndWhenInUseUsageDescription = "Allow access to your current location";
				INFOPLIST_KEY_NSLocationWhenInUseUsageDescription = "Allow access to your current location";
				INFOPLIST_KEY_UIApplicationSupportsIndirectInputEvents = YES;
				INFOPLIST_KEY_UILaunchStoryboardName = LaunchScreen;
				INFOPLIST_KEY_UIMainStoryboardFile = Main;
				INFOPLIST_KEY_UISupportedInterfaceOrientations_iPad = "UIInterfaceOrientationPortrait UIInterfaceOrientationPortraitUpsideDown UIInterfaceOrientationLandscapeLeft UIInterfaceOrientationLandscapeRight";
				INFOPLIST_KEY_UISupportedInterfaceOrientations_iPhone = "UIInterfaceOrientationPortrait UIInterfaceOrientationLandscapeLeft UIInterfaceOrientationLandscapeRight";
				IPHONEOS_DEPLOYMENT_TARGET = 16.0;
				LD_RUNPATH_SEARCH_PATHS = (
					"$(inherited)",
					"@executable_path/Frameworks",
				);
				MARKETING_VERSION = 1.0;
				PRODUCT_BUNDLE_IDENTIFIER = "com.baoan.Weather-App";
				PRODUCT_NAME = "$(TARGET_NAME)";
				SWIFT_EMIT_LOC_STRINGS = YES;
				SWIFT_VERSION = 5.0;
				TARGETED_DEVICE_FAMILY = "1,2";
			};
			name = Debug;
		};
		EC60989B2BAACD5500E2C0B6 /* Release */ = {
			isa = XCBuildConfiguration;
			buildSettings = {
				ASSETCATALOG_COMPILER_APPICON_NAME = AppIcon;
				ASSETCATALOG_COMPILER_GLOBAL_ACCENT_COLOR_NAME = AccentColor;
				CODE_SIGN_STYLE = Automatic;
				CURRENT_PROJECT_VERSION = 1;
				DEVELOPMENT_TEAM = KNQWN32P6C;
				GENERATE_INFOPLIST_FILE = YES;
				INFOPLIST_FILE = Weather_App/Info.plist;
				INFOPLIST_KEY_NSLocationAlwaysAndWhenInUseUsageDescription = "Allow access to your current location";
				INFOPLIST_KEY_NSLocationWhenInUseUsageDescription = "Allow access to your current location";
				INFOPLIST_KEY_UIApplicationSupportsIndirectInputEvents = YES;
				INFOPLIST_KEY_UILaunchStoryboardName = LaunchScreen;
				INFOPLIST_KEY_UIMainStoryboardFile = Main;
				INFOPLIST_KEY_UISupportedInterfaceOrientations_iPad = "UIInterfaceOrientationPortrait UIInterfaceOrientationPortraitUpsideDown UIInterfaceOrientationLandscapeLeft UIInterfaceOrientationLandscapeRight";
				INFOPLIST_KEY_UISupportedInterfaceOrientations_iPhone = "UIInterfaceOrientationPortrait UIInterfaceOrientationLandscapeLeft UIInterfaceOrientationLandscapeRight";
				IPHONEOS_DEPLOYMENT_TARGET = 16.0;
				LD_RUNPATH_SEARCH_PATHS = (
					"$(inherited)",
					"@executable_path/Frameworks",
				);
				MARKETING_VERSION = 1.0;
				PRODUCT_BUNDLE_IDENTIFIER = "com.baoan.Weather-App";
				PRODUCT_NAME = "$(TARGET_NAME)";
				SWIFT_EMIT_LOC_STRINGS = YES;
				SWIFT_VERSION = 5.0;
				TARGETED_DEVICE_FAMILY = "1,2";
			};
			name = Release;
		};
		EC60989D2BAACD5500E2C0B6 /* Debug */ = {
			isa = XCBuildConfiguration;
			buildSettings = {
				ALWAYS_EMBED_SWIFT_STANDARD_LIBRARIES = YES;
				BUNDLE_LOADER = "$(TEST_HOST)";
				CODE_SIGN_STYLE = Automatic;
				CURRENT_PROJECT_VERSION = 1;
				DEVELOPMENT_TEAM = KNQWN32P6C;
				GENERATE_INFOPLIST_FILE = YES;
				IPHONEOS_DEPLOYMENT_TARGET = 17.2;
				MARKETING_VERSION = 1.0;
				PRODUCT_BUNDLE_IDENTIFIER = "com.baoan.Weather-AppTests";
				PRODUCT_NAME = "$(TARGET_NAME)";
				SWIFT_EMIT_LOC_STRINGS = NO;
				SWIFT_VERSION = 5.0;
				TARGETED_DEVICE_FAMILY = "1,2";
				TEST_HOST = "$(BUILT_PRODUCTS_DIR)/Weather_App.app/$(BUNDLE_EXECUTABLE_FOLDER_PATH)/Weather_App";
			};
			name = Debug;
		};
		EC60989E2BAACD5500E2C0B6 /* Release */ = {
			isa = XCBuildConfiguration;
			buildSettings = {
				ALWAYS_EMBED_SWIFT_STANDARD_LIBRARIES = YES;
				BUNDLE_LOADER = "$(TEST_HOST)";
				CODE_SIGN_STYLE = Automatic;
				CURRENT_PROJECT_VERSION = 1;
				DEVELOPMENT_TEAM = KNQWN32P6C;
				GENERATE_INFOPLIST_FILE = YES;
				IPHONEOS_DEPLOYMENT_TARGET = 17.2;
				MARKETING_VERSION = 1.0;
				PRODUCT_BUNDLE_IDENTIFIER = "com.baoan.Weather-AppTests";
				PRODUCT_NAME = "$(TARGET_NAME)";
				SWIFT_EMIT_LOC_STRINGS = NO;
				SWIFT_VERSION = 5.0;
				TARGETED_DEVICE_FAMILY = "1,2";
				TEST_HOST = "$(BUILT_PRODUCTS_DIR)/Weather_App.app/$(BUNDLE_EXECUTABLE_FOLDER_PATH)/Weather_App";
			};
			name = Release;
		};
		EC6098A02BAACD5500E2C0B6 /* Debug */ = {
			isa = XCBuildConfiguration;
			buildSettings = {
				ALWAYS_EMBED_SWIFT_STANDARD_LIBRARIES = YES;
				CODE_SIGN_STYLE = Automatic;
				CURRENT_PROJECT_VERSION = 1;
				DEVELOPMENT_TEAM = KNQWN32P6C;
				GENERATE_INFOPLIST_FILE = YES;
				MARKETING_VERSION = 1.0;
				PRODUCT_BUNDLE_IDENTIFIER = "com.baoan.Weather-AppUITests";
				PRODUCT_NAME = "$(TARGET_NAME)";
				SWIFT_EMIT_LOC_STRINGS = NO;
				SWIFT_VERSION = 5.0;
				TARGETED_DEVICE_FAMILY = "1,2";
				TEST_TARGET_NAME = Weather_App;
			};
			name = Debug;
		};
		EC6098A12BAACD5500E2C0B6 /* Release */ = {
			isa = XCBuildConfiguration;
			buildSettings = {
				ALWAYS_EMBED_SWIFT_STANDARD_LIBRARIES = YES;
				CODE_SIGN_STYLE = Automatic;
				CURRENT_PROJECT_VERSION = 1;
				DEVELOPMENT_TEAM = KNQWN32P6C;
				GENERATE_INFOPLIST_FILE = YES;
				MARKETING_VERSION = 1.0;
				PRODUCT_BUNDLE_IDENTIFIER = "com.baoan.Weather-AppUITests";
				PRODUCT_NAME = "$(TARGET_NAME)";
				SWIFT_EMIT_LOC_STRINGS = NO;
				SWIFT_VERSION = 5.0;
				TARGETED_DEVICE_FAMILY = "1,2";
				TEST_TARGET_NAME = Weather_App;
			};
			name = Release;
		};
/* End XCBuildConfiguration section */

/* Begin XCConfigurationList section */
		EC60986A2BAACD5400E2C0B6 /* Build configuration list for PBXProject "Weather_App" */ = {
			isa = XCConfigurationList;
			buildConfigurations = (
				EC6098972BAACD5500E2C0B6 /* Debug */,
				EC6098982BAACD5500E2C0B6 /* Release */,
			);
			defaultConfigurationIsVisible = 0;
			defaultConfigurationName = Release;
		};
		EC6098992BAACD5500E2C0B6 /* Build configuration list for PBXNativeTarget "Weather_App" */ = {
			isa = XCConfigurationList;
			buildConfigurations = (
				EC60989A2BAACD5500E2C0B6 /* Debug */,
				EC60989B2BAACD5500E2C0B6 /* Release */,
			);
			defaultConfigurationIsVisible = 0;
			defaultConfigurationName = Release;
		};
		EC60989C2BAACD5500E2C0B6 /* Build configuration list for PBXNativeTarget "Weather_AppTests" */ = {
			isa = XCConfigurationList;
			buildConfigurations = (
				EC60989D2BAACD5500E2C0B6 /* Debug */,
				EC60989E2BAACD5500E2C0B6 /* Release */,
			);
			defaultConfigurationIsVisible = 0;
			defaultConfigurationName = Release;
		};
		EC60989F2BAACD5500E2C0B6 /* Build configuration list for PBXNativeTarget "Weather_AppUITests" */ = {
			isa = XCConfigurationList;
			buildConfigurations = (
				EC6098A02BAACD5500E2C0B6 /* Debug */,
				EC6098A12BAACD5500E2C0B6 /* Release */,
			);
			defaultConfigurationIsVisible = 0;
			defaultConfigurationName = Release;
		};
/* End XCConfigurationList section */

/* Begin XCRemoteSwiftPackageReference section */
		ECD4437F2BBA8A5A00E3A568 /* XCRemoteSwiftPackageReference "Reusable" */ = {
			isa = XCRemoteSwiftPackageReference;
			repositoryURL = "https://github.com/AliSoftware/Reusable.git";
			requirement = {
				kind = upToNextMajorVersion;
				minimumVersion = 4.1.0;
			};
		};
/* End XCRemoteSwiftPackageReference section */

/* Begin XCSwiftPackageProductDependency section */
		ECD443802BBA8A5A00E3A568 /* Reusable */ = {
			isa = XCSwiftPackageProductDependency;
			package = ECD4437F2BBA8A5A00E3A568 /* XCRemoteSwiftPackageReference "Reusable" */;
			productName = Reusable;
		};
/* End XCSwiftPackageProductDependency section */

/* Begin XCVersionGroup section */
		ECE9C9552BB1197600454D94 /* WeatherFavoriteCoreData.xcdatamodeld */ = {
			isa = XCVersionGroup;
			children = (
				ECE9C9562BB1197600454D94 /* Model.xcdatamodel */,
			);
			currentVersion = ECE9C9562BB1197600454D94 /* Model.xcdatamodel */;
			path = WeatherFavoriteCoreData.xcdatamodeld;
			sourceTree = "<group>";
			versionGroupType = wrapper.xcdatamodel;
		};
/* End XCVersionGroup section */
	};
	rootObject = EC6098672BAACD5400E2C0B6 /* Project object */;
}
